// !$*UTF8*$!
{ archiveVersion = 1; classes = {}; objectVersion = 56; objects = {
7990A1F6C12E656306DE5ABE = { isa = PBXFileReference; lastKnownFileType = sourcecode.swift; path = "Sources/MaskedNotch/BandPanel.swift"; sourceTree = SOURCE_ROOT; };
C07D7079AED86FE42CBDEB61 = { isa = PBXBuildFile; fileRef = 7990A1F6C12E656306DE5ABE; };
B63BC661BB792601CD128C4C = { isa = PBXFileReference; lastKnownFileType = sourcecode.swift; path = "Sources/MaskedNotch/BlinkPulse.swift"; sourceTree = SOURCE_ROOT; };
EE932B16FFF7C4A990480AC5 = { isa = PBXBuildFile; fileRef = B63BC661BB792601CD128C4C; };
7E96A52F1DEB9D04DEEEA756 = { isa = PBXFileReference; lastKnownFileType = sourcecode.swift; path = "Sources/MaskedNotch/DeferredAlerts.swift"; sourceTree = SOURCE_ROOT; };
747052979F13BAE72F6FB806 = { isa = PBXBuildFile; fileRef = 7E96A52F1DEB9D04DEEEA756; };
79DF4E68C64219E6A57D9FCD = { isa = PBXFileReference; lastKnownFileType = sourcecode.swift; path = "Sources/MaskedNotch/Diagnostics.swift"; sourceTree = SOURCE_ROOT; };
A42B60A3D3562E72C8BAC6E8 = { isa = PBXBuildFile; fileRef = 79DF4E68C64219E6A57D9FCD; };
3005DA04DC32921C7077922C = { isa = PBXFileReference; lastKnownFileType = sourcecode.swift; path = "Sources/MaskedNotch/LayeredBandStack.swift"; sourceTree = SOURCE_ROOT; };
9D3BB71CD89AFBABC4662805 = { isa = PBXBuildFile; fileRef = 3005DA04DC32921C7077922C; };
7DA557392DFA2CF0156AFC8E = { isa = PBXFileReference; lastKnownFileType = sourcecode.swift; path = "Sources/MaskedNotch/LockScreen/SessionMonitor.swift"; sourceTree = SOURCE_ROOT; };
A892BD4CA037A9AAF15BC1DE = { isa = PBXBuildFile; fileRef = 7DA557392DFA2CF0156AFC8E; };
6B34741358494886A4909266 = { isa = PBXFileReference; lastKnownFileType = sourcecode.swift; path = "Sources/MaskedNotch/LockScreen/SkyLightBridge.swift"; sourceTree = SOURCE_ROOT; };
894B21EF0C6879613F97C46E = { isa = PBXBuildFile; fileRef = 6B34741358494886A4909266; };
102AEB708D740E8FBA012CA0 = { isa = PBXFileReference; lastKnownFileType = sourcecode.swift; path = "Sources/MaskedNotch/OverlayController.swift"; sourceTree = SOURCE_ROOT; };
71FABDE854C3CB6557221EE3 = { isa = PBXBuildFile; fileRef = 102AEB708D740E8FBA012CA0; };
A423930ED21EF28E8A379A7A = { isa = PBXFileReference; lastKnownFileType = sourcecode.swift; path = "Sources/MaskedNotch/RefreshProbe.swift"; sourceTree = SOURCE_ROOT; };
E76D2741D429DEF15C5574DA = { isa = PBXBuildFile; fileRef = A423930ED21EF28E8A379A7A; };
CD75D0CF13D014B66933E186 = { isa = PBXFileReference; lastKnownFileType = sourcecode.swift; path = "Sources/MaskedNotch/ScreenProvider.swift"; sourceTree = SOURCE_ROOT; };
8EE32F25E737EC63684E9972 = { isa = PBXBuildFile; fileRef = CD75D0CF13D014B66933E186; };
4EF941049C52589CCBB80D17 = { isa = PBXFileReference; lastKnownFileType = sourcecode.swift; path = "Sources/MaskedNotch/StatusIcon.swift"; sourceTree = SOURCE_ROOT; };
5BE72F65CB74C6B089F5CFB2 = { isa = PBXBuildFile; fileRef = 4EF941049C52589CCBB80D17; };
8B15ADF82C090ABD419B97D9 = { isa = PBXFileReference; lastKnownFileType = sourcecode.swift; path = "Sources/MaskedNotch/StatusMenu.swift"; sourceTree = SOURCE_ROOT; };
8AC31AFEF41E08C432B83D6A = { isa = PBXBuildFile; fileRef = 8B15ADF82C090ABD419B97D9; };
3F8158D2658C58B62D757C0C = { isa = PBXFileReference; lastKnownFileType = sourcecode.swift; path = "Sources/MaskedNotch/VariantRefresh.swift"; sourceTree = SOURCE_ROOT; };
CBD50F762F59F05F9FC6A546 = { isa = PBXBuildFile; fileRef = 3F8158D2658C58B62D757C0C; };
E3CF384A3FC3A4878F673BDC = { isa = PBXFileReference; lastKnownFileType = sourcecode.swift; path = "Sources/MaskedNotch/main.swift"; sourceTree = SOURCE_ROOT; };
133DE014066EBF83A6CD050D = { isa = PBXBuildFile; fileRef = E3CF384A3FC3A4878F673BDC; };
771A4ED48448C7EB02303B8F = { isa = PBXFileReference; lastKnownFileType = sourcecode.swift; path = "Sources/MaskedNotchCore/DisplayState.swift"; sourceTree = SOURCE_ROOT; };
7D5DA3547ACB48CA8D5208FD = { isa = PBXBuildFile; fileRef = 771A4ED48448C7EB02303B8F; };
E7BC4559DD46111EDA521765 = { isa = PBXFileReference; lastKnownFileType = sourcecode.swift; path = "Sources/MaskedNotchCore/Geometry.swift"; sourceTree = SOURCE_ROOT; };
35ADD323CC660CC442484D80 = { isa = PBXBuildFile; fileRef = E7BC4559DD46111EDA521765; };
1AAF038B9041BC51E1F94826 = { isa = PBXFileReference; lastKnownFileType = sourcecode.swift; path = "Sources/MaskedNotchCore/Preferences.swift"; sourceTree = SOURCE_ROOT; };
2D4B99399489F9176A0CAA0C = { isa = PBXBuildFile; fileRef = 1AAF038B9041BC51E1F94826; };
31E327995F335DFEEFC52257 = { isa = PBXFileReference; lastKnownFileType = sourcecode.swift; path = "Tests/MaskedNotchAppTests/BlinkPulseTests.swift"; sourceTree = SOURCE_ROOT; };
43BF10FC812C1E4E777F1A62 = { isa = PBXFileReference; lastKnownFileType = sourcecode.swift; path = "Tests/MaskedNotchAppTests/LayeredBandStackTests.swift"; sourceTree = SOURCE_ROOT; };
D77C7033CF44485837F8B5F0 = { isa = PBXFileReference; lastKnownFileType = sourcecode.swift; path = "Tests/MaskedNotchAppTests/PanelTests.swift"; sourceTree = SOURCE_ROOT; };
6EAAEDED1CD4F4A26C21CA75 = { isa = PBXFileReference; lastKnownFileType = sourcecode.swift; path = "Tests/MaskedNotchAppTests/RefreshProbeTests.swift"; sourceTree = SOURCE_ROOT; };
EB87A6DB2FD5F7DC44F488FA = { isa = PBXFileReference; lastKnownFileType = sourcecode.swift; path = "Tests/MaskedNotchAppTests/VariantRefreshTests.swift"; sourceTree = SOURCE_ROOT; };
BEB0C0F91CD1A5E1BF948FB3 = { isa = PBXFileReference; lastKnownFileType = sourcecode.swift; path = "Tests/MaskedNotchCoreTests/GeometryTests.swift"; sourceTree = SOURCE_ROOT; };
7C0D67D569948032A20CF816 = { isa = PBXFileReference; lastKnownFileType = sourcecode.swift; path = "Tests/MaskedNotchCoreTests/PreferencesTests.swift"; sourceTree = SOURCE_ROOT; };
EE27BA9720A9BD9BDD82BE0B = { isa = PBXFileReference; lastKnownFileType = sourcecode.swift; path = "Tests/MaskedNotchCoreTests/StateTests.swift"; sourceTree = SOURCE_ROOT; };
45A8DF6549AADE069695A3E1 = { isa = PBXBuildFile; fileRef = 31E327995F335DFEEFC52257; };
03BE679F5A084618C0842780 = { isa = PBXBuildFile; fileRef = 43BF10FC812C1E4E777F1A62; };
EBB6055033F47FB95DC2913E = { isa = PBXBuildFile; fileRef = D77C7033CF44485837F8B5F0; };
5F3204612BD9354CAA718D64 = { isa = PBXBuildFile; fileRef = 6EAAEDED1CD4F4A26C21CA75; };
DFA1AD7477992E5786562E64 = { isa = PBXBuildFile; fileRef = EB87A6DB2FD5F7DC44F488FA; };
ABFB45175E2669DBEE6F5C4C = { isa = PBXBuildFile; fileRef = BEB0C0F91CD1A5E1BF948FB3; };
FE90ABE8E583F319289A6C58 = { isa = PBXBuildFile; fileRef = 7C0D67D569948032A20CF816; };
76A2AF1038DDB82FECE667DC = { isa = PBXBuildFile; fileRef = EE27BA9720A9BD9BDD82BE0B; };
C0F90ACA6B7ED2153E8FEAC9 = { isa = PBXBuildFile; fileRef = 7990A1F6C12E656306DE5ABE; };
02432D383B78E589D1B5653B = { isa = PBXBuildFile; fileRef = B63BC661BB792601CD128C4C; };
EAC6FB16D37F0BCE0B89A2CA = { isa = PBXBuildFile; fileRef = 79DF4E68C64219E6A57D9FCD; };
7BB3A71C61F270BE36E6784C = { isa = PBXBuildFile; fileRef = 3005DA04DC32921C7077922C; };
1D3FFE5F1D3F055E7D485CE2 = { isa = PBXBuildFile; fileRef = A423930ED21EF28E8A379A7A; };
69E5AA13547658798B631946 = { isa = PBXBuildFile; fileRef = 3F8158D2658C58B62D757C0C; };
3C1286C6DEAE4F2F3EB96E7E = { isa = PBXBuildFile; fileRef = 771A4ED48448C7EB02303B8F; };
FF6CA31FE05A80FC49D2FB38 = { isa = PBXBuildFile; fileRef = E7BC4559DD46111EDA521765; };
A8B3D994C57AC6943BCFD48C = { isa = PBXBuildFile; fileRef = 1AAF038B9041BC51E1F94826; };
B7480EC88B7F22D0A4757273 = { isa = PBXFileReference; explicitFileType = wrapper.cfbundle; path = MaskedNotchTests.xctest; sourceTree = BUILT_PRODUCTS_DIR; };
9F3002A5D69B22D357A58AA9 = { isa = PBXSourcesBuildPhase; buildActionMask = 2147483647; files = (45A8DF6549AADE069695A3E1,03BE679F5A084618C0842780,EBB6055033F47FB95DC2913E,5F3204612BD9354CAA718D64,DFA1AD7477992E5786562E64,ABFB45175E2669DBEE6F5C4C,FE90ABE8E583F319289A6C58,76A2AF1038DDB82FECE667DC,C0F90ACA6B7ED2153E8FEAC9,02432D383B78E589D1B5653B,EAC6FB16D37F0BCE0B89A2CA,7BB3A71C61F270BE36E6784C,1D3FFE5F1D3F055E7D485CE2,69E5AA13547658798B631946,3C1286C6DEAE4F2F3EB96E7E,FF6CA31FE05A80FC49D2FB38,A8B3D994C57AC6943BCFD48C,); runOnlyForDeploymentPostprocessing = 0; };
23457129B871D690A3B4D86A = { isa = PBXFileReference; lastKnownFileType = text; path = "Vendor/SkyLightWindow/LICENSE"; sourceTree = SOURCE_ROOT; };
134673B2F244444146DA7449 = { isa = PBXBuildFile; fileRef = 23457129B871D690A3B4D86A; };
D632CB6A429C8DF8BE1C1876 = { isa = PBXFileReference; lastKnownFileType = text.plist.strings; name = en; path = "Resources/en.lproj/Localizable.strings"; sourceTree = SOURCE_ROOT; };
10EA0F01354E9FBAD531CEDC = { isa = PBXFileReference; lastKnownFileType = text.plist.strings; name = ja; path = "Resources/ja.lproj/Localizable.strings"; sourceTree = SOURCE_ROOT; };
470072D834FACC92F98F569D = { isa = PBXVariantGroup; children = (D632CB6A429C8DF8BE1C1876,10EA0F01354E9FBAD531CEDC,); name = Localizable.strings; sourceTree = "<group>"; };
E4779AC34EF27701D5AE0F31 = { isa = PBXBuildFile; fileRef = 470072D834FACC92F98F569D; };
E83338F9B3D989DD59C3270C = { isa = PBXFileReference; lastKnownFileType = folder.icon; path = "Resources/IconArtwork/AppIcon.icon"; sourceTree = SOURCE_ROOT; };
C7312F7238B3C32A00998634 = { isa = PBXBuildFile; fileRef = E83338F9B3D989DD59C3270C; };
52B5E9FB41C2DE163E225B6F = { isa = PBXFileReference; lastKnownFileType = text; path = "THIRD_PARTY_NOTICES.md"; sourceTree = SOURCE_ROOT; };
E658A73F63A0A4901907EBED = { isa = PBXBuildFile; fileRef = 52B5E9FB41C2DE163E225B6F; };
6A9632FA3D3D55C620559A5E = { isa = PBXFileReference; lastKnownFileType = text; path = "Resources/MaskedNotch-LICENSE.txt"; sourceTree = SOURCE_ROOT; };
3D507EBF91CCB5EC64F39268 = { isa = PBXBuildFile; fileRef = 6A9632FA3D3D55C620559A5E; };
38A007151ABE87CC01A5B6E9 = { isa = PBXFileReference; explicitFileType = wrapper.application; path = MaskedNotch.app; sourceTree = BUILT_PRODUCTS_DIR; };
FBDC4F23F93125BBEEAE800C = { isa = PBXGroup; children = (38A007151ABE87CC01A5B6E9,B7480EC88B7F22D0A4757273,); name = Products; sourceTree = "<group>"; };
64292B1C2B2E13EAD8788FC8 = { isa = PBXGroup; children = (7990A1F6C12E656306DE5ABE,B63BC661BB792601CD128C4C,7E96A52F1DEB9D04DEEEA756,79DF4E68C64219E6A57D9FCD,3005DA04DC32921C7077922C,7DA557392DFA2CF0156AFC8E,6B34741358494886A4909266,102AEB708D740E8FBA012CA0,A423930ED21EF28E8A379A7A,CD75D0CF13D014B66933E186,4EF941049C52589CCBB80D17,8B15ADF82C090ABD419B97D9,3F8158D2658C58B62D757C0C,E3CF384A3FC3A4878F673BDC,771A4ED48448C7EB02303B8F,E7BC4559DD46111EDA521765,1AAF038B9041BC51E1F94826,31E327995F335DFEEFC52257,43BF10FC812C1E4E777F1A62,D77C7033CF44485837F8B5F0,6EAAEDED1CD4F4A26C21CA75,EB87A6DB2FD5F7DC44F488FA,BEB0C0F91CD1A5E1BF948FB3,7C0D67D569948032A20CF816,EE27BA9720A9BD9BDD82BE0B,470072D834FACC92F98F569D,E83338F9B3D989DD59C3270C,52B5E9FB41C2DE163E225B6F,6A9632FA3D3D55C620559A5E,23457129B871D690A3B4D86A,FBDC4F23F93125BBEEAE800C,); sourceTree = "<group>"; };
BCE16DD0260827ECF338C787 = { isa = PBXSourcesBuildPhase; buildActionMask = 2147483647; files = (C07D7079AED86FE42CBDEB61,EE932B16FFF7C4A990480AC5,747052979F13BAE72F6FB806,A42B60A3D3562E72C8BAC6E8,9D3BB71CD89AFBABC4662805,A892BD4CA037A9AAF15BC1DE,894B21EF0C6879613F97C46E,71FABDE854C3CB6557221EE3,E76D2741D429DEF15C5574DA,8EE32F25E737EC63684E9972,5BE72F65CB74C6B089F5CFB2,8AC31AFEF41E08C432B83D6A,CBD50F762F59F05F9FC6A546,133DE014066EBF83A6CD050D,7D5DA3547ACB48CA8D5208FD,35ADD323CC660CC442484D80,2D4B99399489F9176A0CAA0C,); runOnlyForDeploymentPostprocessing = 0; };
0189424A5A60FED329FA868E = { isa = PBXResourcesBuildPhase; buildActionMask = 2147483647; files = (134673B2F244444146DA7449,E4779AC34EF27701D5AE0F31,C7312F7238B3C32A00998634,E658A73F63A0A4901907EBED,3D507EBF91CCB5EC64F39268,); runOnlyForDeploymentPostprocessing = 0; };
7561BFB015D8F536760CB671 = { isa = PBXFrameworksBuildPhase; buildActionMask = 2147483647; files = (); runOnlyForDeploymentPostprocessing = 0; };
89E1FD6268CC0F221A2BE178 = { isa = XCBuildConfiguration; buildSettings = { MACOSX_DEPLOYMENT_TARGET = 26.0; SDKROOT = macosx; SWIFT_VERSION = 5.0; CLANG_ENABLE_MODULES = YES; SWIFT_OPTIMIZATION_LEVEL = "-Onone"; DEBUG_INFORMATION_FORMAT = dwarf; SWIFT_ACTIVE_COMPILATION_CONDITIONS = DEBUG; ENABLE_TESTABILITY = YES; }; name = Debug; };
E6DE6C99132752C914FEF632 = { isa = XCBuildConfiguration; buildSettings = { MACOSX_DEPLOYMENT_TARGET = 26.0; SDKROOT = macosx; SWIFT_VERSION = 5.0; CLANG_ENABLE_MODULES = YES; SWIFT_OPTIMIZATION_LEVEL = "-O"; DEBUG_INFORMATION_FORMAT = "dwarf-with-dsym"; }; name = Release; };
862894B703A6DEDF96A9DD6C = { isa = XCConfigurationList; buildConfigurations = (89E1FD6268CC0F221A2BE178,E6DE6C99132752C914FEF632,); defaultConfigurationIsVisible = 0; defaultConfigurationName = Release; };
7082CC0B6FC1282FCEABD07A = { isa = XCBuildConfiguration; buildSettings = { MACOSX_DEPLOYMENT_TARGET = 26.0; SDKROOT = macosx; SWIFT_VERSION = 5.0; CLANG_ENABLE_MODULES = YES; ASSETCATALOG_COMPILER_APPICON_NAME = AppIcon; PRODUCT_NAME = MaskedNotch; PRODUCT_BUNDLE_IDENTIFIER = local.MaskedNotch; INFOPLIST_FILE = Resources/Info.plist; CODE_SIGN_STYLE = Manual; CODE_SIGN_IDENTITY = "-"; ENABLE_HARDENED_RUNTIME = YES; ENABLE_APP_SANDBOX = NO; SWIFT_OPTIMIZATION_LEVEL = "-Onone"; DEBUG_INFORMATION_FORMAT = dwarf; SWIFT_ACTIVE_COMPILATION_CONDITIONS = DEBUG; ENABLE_TESTABILITY = YES; }; name = Debug; };
639A7CA24D39909E713B47F7 = { isa = XCBuildConfiguration; buildSettings = { MACOSX_DEPLOYMENT_TARGET = 26.0; SDKROOT = macosx; SWIFT_VERSION = 5.0; CLANG_ENABLE_MODULES = YES; ASSETCATALOG_COMPILER_APPICON_NAME = AppIcon; PRODUCT_NAME = MaskedNotch; PRODUCT_BUNDLE_IDENTIFIER = local.MaskedNotch; INFOPLIST_FILE = Resources/Info.plist; CODE_SIGN_STYLE = Manual; CODE_SIGN_IDENTITY = "-"; ENABLE_HARDENED_RUNTIME = YES; ENABLE_APP_SANDBOX = NO; SWIFT_OPTIMIZATION_LEVEL = "-O"; DEBUG_INFORMATION_FORMAT = "dwarf-with-dsym"; CODE_SIGN_INJECT_BASE_ENTITLEMENTS = NO; }; name = Release; };
C57128001CE614BF8549D6BB = { isa = XCConfigurationList; buildConfigurations = (7082CC0B6FC1282FCEABD07A,639A7CA24D39909E713B47F7,); defaultConfigurationIsVisible = 0; defaultConfigurationName = Release; };
FCB48D8F88BCDB0ED9FADFD7 = { isa = XCBuildConfiguration; buildSettings = { MACOSX_DEPLOYMENT_TARGET = 26.0; SDKROOT = macosx; SWIFT_VERSION = 5.0; CLANG_ENABLE_MODULES = YES; PRODUCT_NAME = MaskedNotchTests; PRODUCT_BUNDLE_IDENTIFIER = local.MaskedNotch.Tests; GENERATE_INFOPLIST_FILE = YES; CODE_SIGN_STYLE = Manual; CODE_SIGN_IDENTITY = "-"; SWIFT_EMIT_LOC_STRINGS = NO; SWIFT_OPTIMIZATION_LEVEL = "-Onone"; DEBUG_INFORMATION_FORMAT = dwarf; SWIFT_ACTIVE_COMPILATION_CONDITIONS = DEBUG; ENABLE_TESTABILITY = YES; }; name = Debug; };
942EEBBACD6C88CAE7F29B29 = { isa = XCBuildConfiguration; buildSettings = { MACOSX_DEPLOYMENT_TARGET = 26.0; SDKROOT = macosx; SWIFT_VERSION = 5.0; CLANG_ENABLE_MODULES = YES; PRODUCT_NAME = MaskedNotchTests; PRODUCT_BUNDLE_IDENTIFIER = local.MaskedNotch.Tests; GENERATE_INFOPLIST_FILE = YES; CODE_SIGN_STYLE = Manual; CODE_SIGN_IDENTITY = "-"; SWIFT_EMIT_LOC_STRINGS = NO; SWIFT_OPTIMIZATION_LEVEL = "-O"; DEBUG_INFORMATION_FORMAT = "dwarf-with-dsym"; }; name = Release; };
BECB265224D91761C05FDA33 = { isa = XCConfigurationList; buildConfigurations = (FCB48D8F88BCDB0ED9FADFD7,942EEBBACD6C88CAE7F29B29,); defaultConfigurationIsVisible = 0; defaultConfigurationName = Release; };
0E8A3AD980EC179856012B7E = { isa = PBXNativeTarget; buildConfigurationList = C57128001CE614BF8549D6BB; buildPhases = (BCE16DD0260827ECF338C787,7561BFB015D8F536760CB671,0189424A5A60FED329FA868E,); buildRules = (); dependencies = (); name = MaskedNotch; productName = MaskedNotch; productReference = 38A007151ABE87CC01A5B6E9; productType = "com.apple.product-type.application"; };
0A06C5E2DA34E686D888A695 = { isa = PBXNativeTarget; buildConfigurationList = BECB265224D91761C05FDA33; buildPhases = (9F3002A5D69B22D357A58AA9,); buildRules = (); dependencies = (); name = MaskedNotchTests; productName = MaskedNotchTests; productReference = B7480EC88B7F22D0A4757273; productType = "com.apple.product-type.bundle.unit-test"; };
98F54143AB4E86B28C3AFEE0 = { isa = PBXProject; attributes = { LastUpgradeCheck = 2650; }; buildConfigurationList = 862894B703A6DEDF96A9DD6C; compatibilityVersion = "Xcode 14.0"; developmentRegion = en; hasScannedForEncodings = 0; knownRegions = (en,ja,Base,); mainGroup = 64292B1C2B2E13EAD8788FC8; productRefGroup = FBDC4F23F93125BBEEAE800C; projectDirPath = ""; projectRoot = ""; targets = (0E8A3AD980EC179856012B7E,0A06C5E2DA34E686D888A695,); };
}; rootObject = 98F54143AB4E86B28C3AFEE0; }
